
Microsoft Visual Studio Solution File, Format Version 12.00
# Visual Studio Version 17
VisualStudioVersion = 17.13.35931.197 d17.13
MinimumVisualStudioVersion = 10.0.40219.1
Project("{FAE04EC0-301F-11D3-BF4B-00C04F79EFBC}") = "CAStacks", "CAStacks\CAStacks.csproj", "{57BD1614-17E2-48ED-BF00-4D67E8DD5DF4}"
EndProject
Project("{FAE04EC0-301F-11D3-BF4B-00C04F79EFBC}") = "CAQueue", "CAQueue\CAQueue.csproj", "{EE9989BD-FA44-4AC8-B77E-DC65CF1C92C3}"
	ProjectSection(ProjectDependencies) = postProject
		{57BD1614-17E2-48ED-BF00-4D67E8DD5DF4} = {57BD1614-17E2-48ED-BF00-4D67E8DD5DF4}
	EndProjectSection
EndProject
Global
	GlobalSection(SolutionConfigurationPlatforms) = preSolution
		Debug|Any CPU = Debug|Any CPU
		Release|Any CPU = Release|Any CPU
	EndGlobalSection
	GlobalSection(ProjectConfigurationPlatforms) = postSolution
		{57BD1614-17E2-48ED-BF00-4D67E8DD5DF4}.Debug|Any CPU.ActiveCfg = Debug|Any CPU
		{57BD1614-17E2-48ED-BF00-4D67E8DD5DF4}.Debug|Any CPU.Build.0 = Debug|Any CPU
		{57BD1614-17E2-48ED-BF00-4D67E8DD5DF4}.Release|Any CPU.ActiveCfg = Release|Any CPU
		{57BD1614-17E2-48ED-BF00-4D67E8DD5DF4}.Release|Any CPU.Build.0 = Release|Any CPU
		{EE9989BD-FA44-4AC8-B77E-DC65CF1C92C3}.Debug|Any CPU.ActiveCfg = Debug|Any CPU
		{EE9989BD-FA44-4AC8-B77E-DC65CF1C92C3}.Debug|Any CPU.Build.0 = Debug|Any CPU
		{EE9989BD-FA44-4AC8-B77E-DC65CF1C92C3}.Release|Any CPU.ActiveCfg = Release|Any CPU
		{EE9989BD-FA44-4AC8-B77E-DC65CF1C92C3}.Release|Any CPU.Build.0 = Release|Any CPU
	EndGlobalSection
	GlobalSection(SolutionProperties) = preSolution
		HideSolutionNode = FALSE
	EndGlobalSection
	GlobalSection(ExtensibilityGlobals) = postSolution
		SolutionGuid = {77D5E9B1-64E8-4303-8EC5-5E761D910C5F}
	EndGlobalSection
EndGlobal
